// !$*UTF8*$!
{
	archiveVersion = 1;
	classes = {
	};
	objectVersion = 56;
	objects = {

/* Begin PBXBuildFile section */
		2C861B532C7D8782002DC0ED /* ProfileViewController.swift in Sources */ = {isa = PBXBuildFile; fileRef = 2C861B522C7D8782002DC0ED /* ProfileViewController.swift */; };
		2C861B552C7DAF3D002DC0ED /* CategoryViewController.swift in Sources */ = {isa = PBXBuildFile; fileRef = 2C861B542C7DAF3D002DC0ED /* CategoryViewController.swift */; };
		2C861B592C7DC9CF002DC0ED /* FavoriteViewController.swift in Sources */ = {isa = PBXBuildFile; fileRef = 2C861B582C7DC9CF002DC0ED /* FavoriteViewController.swift */; };
		2C861B5D2C7E1F5C002DC0ED /* FavoriteModel.swift in Sources */ = {isa = PBXBuildFile; fileRef = 2C861B5C2C7E1F5C002DC0ED /* FavoriteModel.swift */; };
		2C861B5F2C7E1F7B002DC0ED /* ProfileModel.swift in Sources */ = {isa = PBXBuildFile; fileRef = 2C861B5E2C7E1F7B002DC0ED /* ProfileModel.swift */; };
		CE2084382C7F13830068AA5D /* Info.swift in Sources */ = {isa = PBXBuildFile; fileRef = CE2084372C7F13830068AA5D /* Info.swift */; };
		CE20843A2C7F13BB0068AA5D /* Infos.swift in Sources */ = {isa = PBXBuildFile; fileRef = CE2084392C7F13BB0068AA5D /* Infos.swift */; };
		CE274BDE2C7F1DBC00AC8FDE /* NotificationViewController.swift in Sources */ = {isa = PBXBuildFile; fileRef = CE274BDD2C7F1DBC00AC8FDE /* NotificationViewController.swift */; };
		CEBAB9792C7E06A50009FA3A /* itemData.swift in Sources */ = {isa = PBXBuildFile; fileRef = CEBAB9782C7E06A50009FA3A /* itemData.swift */; };
		CEBAB97C2C7E0EA20009FA3A /* ImageFetch.swift in Sources */ = {isa = PBXBuildFile; fileRef = CEBAB97B2C7E0EA20009FA3A /* ImageFetch.swift */; };
		CEBAB97E2C7E0F590009FA3A /* ChoiceStarViewController.swift in Sources */ = {isa = PBXBuildFile; fileRef = CEBAB97D2C7E0F590009FA3A /* ChoiceStarViewController.swift */; };
		CEBAB9802C7E136A0009FA3A /* ChoiceAreaViewController.swift in Sources */ = {isa = PBXBuildFile; fileRef = CEBAB97F2C7E136A0009FA3A /* ChoiceAreaViewController.swift */; };
		CEBAB9822C7E186F0009FA3A /* ChoiceFoodViewController.swift in Sources */ = {isa = PBXBuildFile; fileRef = CEBAB9812C7E186F0009FA3A /* ChoiceFoodViewController.swift */; };
		CED3AF0B2C7D6C0B0006DA27 /* AppDelegate.swift in Sources */ = {isa = PBXBuildFile; fileRef = CED3AF0A2C7D6C0B0006DA27 /* AppDelegate.swift */; };
		CED3AF0D2C7D6C0B0006DA27 /* SceneDelegate.swift in Sources */ = {isa = PBXBuildFile; fileRef = CED3AF0C2C7D6C0B0006DA27 /* SceneDelegate.swift */; };
		CED3AF0F2C7D6C0B0006DA27 /* MainController.swift in Sources */ = {isa = PBXBuildFile; fileRef = CED3AF0E2C7D6C0B0006DA27 /* MainController.swift */; };
		CED3AF122C7D6C0B0006DA27 /* Base in Resources */ = {isa = PBXBuildFile; fileRef = CED3AF112C7D6C0B0006DA27 /* Base */; };
		CED3AF142C7D6C0B0006DA27 /* Assets.xcassets in Resources */ = {isa = PBXBuildFile; fileRef = CED3AF132C7D6C0B0006DA27 /* Assets.xcassets */; };
		CED3AF172C7D6C0B0006DA27 /* Base in Resources */ = {isa = PBXBuildFile; fileRef = CED3AF162C7D6C0B0006DA27 /* Base */; };
		CED3AF222C7D6EA90006DA27 /* AddViewController.swift in Sources */ = {isa = PBXBuildFile; fileRef = CED3AF212C7D6EA90006DA27 /* AddViewController.swift */; };
		CED3AF242C7D6EBB0006DA27 /* UserViewController.swift in Sources */ = {isa = PBXBuildFile; fileRef = CED3AF232C7D6EBB0006DA27 /* UserViewController.swift */; };
		CED3AF262C7D6EC60006DA27 /* SettingViewController.swift in Sources */ = {isa = PBXBuildFile; fileRef = CED3AF252C7D6EC60006DA27 /* SettingViewController.swift */; };
		EBC970082C7DB256005AC526 /* MapModalViewController.swift in Sources */ = {isa = PBXBuildFile; fileRef = EBC970072C7DB256005AC526 /* MapModalViewController.swift */; };
		FB83B7732C7D718E004070B1 /* RestaurantDetailViewController.swift in Sources */ = {isa = PBXBuildFile; fileRef = FB83B7722C7D718E004070B1 /* RestaurantDetailViewController.swift */; };
		FB83B7772C7D9CAC004070B1 /* RestaurantDetailViewController+UI.swift in Sources */ = {isa = PBXBuildFile; fileRef = FB83B7762C7D9CAC004070B1 /* RestaurantDetailViewController+UI.swift */; };
		FB83B7792C7DB856004070B1 /* Review.swift in Sources */ = {isa = PBXBuildFile; fileRef = FB83B7782C7DB856004070B1 /* Review.swift */; };
		FB83B77B2C7DBC63004070B1 /* Reviews.swift in Sources */ = {isa = PBXBuildFile; fileRef = FB83B77A2C7DBC63004070B1 /* Reviews.swift */; };
		FB83B77D2C7DBF02004070B1 /* ReviewCell.swift in Sources */ = {isa = PBXBuildFile; fileRef = FB83B77C2C7DBF02004070B1 /* ReviewCell.swift */; };
		FB83B77F2C7DCB05004070B1 /* MenuViewController.swift in Sources */ = {isa = PBXBuildFile; fileRef = FB83B77E2C7DCB05004070B1 /* MenuViewController.swift */; };
		FB83B7812C7E003F004070B1 /* Menu.swift in Sources */ = {isa = PBXBuildFile; fileRef = FB83B7802C7E003F004070B1 /* Menu.swift */; };
		FB83B7832C7E00BF004070B1 /* Menus.swift in Sources */ = {isa = PBXBuildFile; fileRef = FB83B7822C7E00BF004070B1 /* Menus.swift */; };
		FB83B7852C7E01C9004070B1 /* MenuCell.swift in Sources */ = {isa = PBXBuildFile; fileRef = FB83B7842C7E01C9004070B1 /* MenuCell.swift */; };
		FB83B7872C7E14A9004070B1 /* PlaceViewController.swift in Sources */ = {isa = PBXBuildFile; fileRef = FB83B7862C7E14A9004070B1 /* PlaceViewController.swift */; };
/* End PBXBuildFile section */

/* Begin PBXFileReference section */
		2C861B522C7D8782002DC0ED /* ProfileViewController.swift */ = {isa = PBXFileReference; fileEncoding = 4; lastKnownFileType = sourcecode.swift; path = ProfileViewController.swift; sourceTree = "<group>"; };
		2C861B542C7DAF3D002DC0ED /* CategoryViewController.swift */ = {isa = PBXFileReference; lastKnownFileType = sourcecode.swift; path = CategoryViewController.swift; sourceTree = "<group>"; };
		2C861B582C7DC9CF002DC0ED /* FavoriteViewController.swift */ = {isa = PBXFileReference; lastKnownFileType = sourcecode.swift; path = FavoriteViewController.swift; sourceTree = "<group>"; };
		2C861B5C2C7E1F5C002DC0ED /* FavoriteModel.swift */ = {isa = PBXFileReference; lastKnownFileType = sourcecode.swift; path = FavoriteModel.swift; sourceTree = "<group>"; };
		2C861B5E2C7E1F7B002DC0ED /* ProfileModel.swift */ = {isa = PBXFileReference; lastKnownFileType = sourcecode.swift; path = ProfileModel.swift; sourceTree = "<group>"; };
		CE2084372C7F13830068AA5D /* Info.swift */ = {isa = PBXFileReference; fileEncoding = 4; lastKnownFileType = sourcecode.swift; path = Info.swift; sourceTree = "<group>"; };
		CE2084392C7F13BB0068AA5D /* Infos.swift */ = {isa = PBXFileReference; fileEncoding = 4; lastKnownFileType = sourcecode.swift; path = Infos.swift; sourceTree = "<group>"; };
		CE274BDD2C7F1DBC00AC8FDE /* NotificationViewController.swift */ = {isa = PBXFileReference; lastKnownFileType = sourcecode.swift; path = NotificationViewController.swift; sourceTree = "<group>"; };
		CEBAB9782C7E06A50009FA3A /* itemData.swift */ = {isa = PBXFileReference; lastKnownFileType = sourcecode.swift; path = itemData.swift; sourceTree = "<group>"; };
		CEBAB97B2C7E0EA20009FA3A /* ImageFetch.swift */ = {isa = PBXFileReference; lastKnownFileType = sourcecode.swift; path = ImageFetch.swift; sourceTree = "<group>"; };
		CEBAB97D2C7E0F590009FA3A /* ChoiceStarViewController.swift */ = {isa = PBXFileReference; lastKnownFileType = sourcecode.swift; path = ChoiceStarViewController.swift; sourceTree = "<group>"; };
		CEBAB97F2C7E136A0009FA3A /* ChoiceAreaViewController.swift */ = {isa = PBXFileReference; lastKnownFileType = sourcecode.swift; path = ChoiceAreaViewController.swift; sourceTree = "<group>"; };
		CEBAB9812C7E186F0009FA3A /* ChoiceFoodViewController.swift */ = {isa = PBXFileReference; lastKnownFileType = sourcecode.swift; path = ChoiceFoodViewController.swift; sourceTree = "<group>"; };
		CED3AF072C7D6C0B0006DA27 /* Eatstargram.app */ = {isa = PBXFileReference; explicitFileType = wrapper.application; includeInIndex = 0; path = Eatstargram.app; sourceTree = BUILT_PRODUCTS_DIR; };
		CED3AF0A2C7D6C0B0006DA27 /* AppDelegate.swift */ = {isa = PBXFileReference; lastKnownFileType = sourcecode.swift; path = AppDelegate.swift; sourceTree = "<group>"; };
		CED3AF0C2C7D6C0B0006DA27 /* SceneDelegate.swift */ = {isa = PBXFileReference; lastKnownFileType = sourcecode.swift; path = SceneDelegate.swift; sourceTree = "<group>"; };
		CED3AF0E2C7D6C0B0006DA27 /* MainController.swift */ = {isa = PBXFileReference; lastKnownFileType = sourcecode.swift; path = MainController.swift; sourceTree = "<group>"; };
		CED3AF112C7D6C0B0006DA27 /* Base */ = {isa = PBXFileReference; lastKnownFileType = file.storyboard; name = Base; path = Base.lproj/Main.storyboard; sourceTree = "<group>"; };
		CED3AF132C7D6C0B0006DA27 /* Assets.xcassets */ = {isa = PBXFileReference; lastKnownFileType = folder.assetcatalog; path = Assets.xcassets; sourceTree = "<group>"; };
		CED3AF162C7D6C0B0006DA27 /* Base */ = {isa = PBXFileReference; lastKnownFileType = file.storyboard; name = Base; path = Base.lproj/LaunchScreen.storyboard; sourceTree = "<group>"; };
		CED3AF182C7D6C0B0006DA27 /* Info.plist */ = {isa = PBXFileReference; lastKnownFileType = text.plist.xml; path = Info.plist; sourceTree = "<group>"; };
		CED3AF212C7D6EA90006DA27 /* AddViewController.swift */ = {isa = PBXFileReference; lastKnownFileType = sourcecode.swift; path = AddViewController.swift; sourceTree = "<group>"; };
		CED3AF232C7D6EBB0006DA27 /* UserViewController.swift */ = {isa = PBXFileReference; lastKnownFileType = sourcecode.swift; path = UserViewController.swift; sourceTree = "<group>"; };
		CED3AF252C7D6EC60006DA27 /* SettingViewController.swift */ = {isa = PBXFileReference; lastKnownFileType = sourcecode.swift; path = SettingViewController.swift; sourceTree = "<group>"; };
		EBC970072C7DB256005AC526 /* MapModalViewController.swift */ = {isa = PBXFileReference; lastKnownFileType = sourcecode.swift; path = MapModalViewController.swift; sourceTree = "<group>"; };
		FB83B7722C7D718E004070B1 /* RestaurantDetailViewController.swift */ = {isa = PBXFileReference; lastKnownFileType = sourcecode.swift; path = RestaurantDetailViewController.swift; sourceTree = "<group>"; };
		FB83B7762C7D9CAC004070B1 /* RestaurantDetailViewController+UI.swift */ = {isa = PBXFileReference; lastKnownFileType = sourcecode.swift; path = "RestaurantDetailViewController+UI.swift"; sourceTree = "<group>"; };
		FB83B7782C7DB856004070B1 /* Review.swift */ = {isa = PBXFileReference; lastKnownFileType = sourcecode.swift; path = Review.swift; sourceTree = "<group>"; };
		FB83B77A2C7DBC63004070B1 /* Reviews.swift */ = {isa = PBXFileReference; lastKnownFileType = sourcecode.swift; path = Reviews.swift; sourceTree = "<group>"; };
		FB83B77C2C7DBF02004070B1 /* ReviewCell.swift */ = {isa = PBXFileReference; lastKnownFileType = sourcecode.swift; path = ReviewCell.swift; sourceTree = "<group>"; };
		FB83B77E2C7DCB05004070B1 /* MenuViewController.swift */ = {isa = PBXFileReference; lastKnownFileType = sourcecode.swift; path = MenuViewController.swift; sourceTree = "<group>"; };
		FB83B7802C7E003F004070B1 /* Menu.swift */ = {isa = PBXFileReference; lastKnownFileType = sourcecode.swift; path = Menu.swift; sourceTree = "<group>"; };
		FB83B7822C7E00BF004070B1 /* Menus.swift */ = {isa = PBXFileReference; lastKnownFileType = sourcecode.swift; path = Menus.swift; sourceTree = "<group>"; };
		FB83B7842C7E01C9004070B1 /* MenuCell.swift */ = {isa = PBXFileReference; lastKnownFileType = sourcecode.swift; path = MenuCell.swift; sourceTree = "<group>"; };
		FB83B7862C7E14A9004070B1 /* PlaceViewController.swift */ = {isa = PBXFileReference; lastKnownFileType = sourcecode.swift; path = PlaceViewController.swift; sourceTree = "<group>"; };
/* End PBXFileReference section */

/* Begin PBXFrameworksBuildPhase section */
		CED3AF042C7D6C0A0006DA27 /* Frameworks */ = {
			isa = PBXFrameworksBuildPhase;
			buildActionMask = 2147483647;
			files = (
			);
			runOnlyForDeploymentPostprocessing = 0;
		};
/* End PBXFrameworksBuildPhase section */

/* Begin PBXGroup section */
		CEBAB97A2C7E0E930009FA3A /* Extension */ = {
			isa = PBXGroup;
			children = (
				CEBAB97B2C7E0EA20009FA3A /* ImageFetch.swift */,
			);
			name = Extension;
			sourceTree = "<group>";
		};
		CEBAB9832C7E1AB40009FA3A /* ChoiceController */ = {
			isa = PBXGroup;
			children = (
				CEBAB97D2C7E0F590009FA3A /* ChoiceStarViewController.swift */,
				CEBAB97F2C7E136A0009FA3A /* ChoiceAreaViewController.swift */,
				CEBAB9812C7E186F0009FA3A /* ChoiceFoodViewController.swift */,
			);
			name = ChoiceController;
			sourceTree = "<group>";
		};
		CED3AEFE2C7D6C0A0006DA27 = {
			isa = PBXGroup;
			children = (
				CED3AF092C7D6C0B0006DA27 /* Eatstargram */,
				CED3AF082C7D6C0B0006DA27 /* Products */,
			);
			sourceTree = "<group>";
		};
		CED3AF082C7D6C0B0006DA27 /* Products */ = {
			isa = PBXGroup;
			children = (
				CED3AF072C7D6C0B0006DA27 /* Eatstargram.app */,
			);
			name = Products;
			sourceTree = "<group>";
		};
		CED3AF092C7D6C0B0006DA27 /* Eatstargram */ = {
			isa = PBXGroup;
			children = (
				CEBAB97A2C7E0E930009FA3A /* Extension */,
				CED3AF282C7D70650006DA27 /* Models */,
				CED3AF292C7D70780006DA27 /* Data */,
				CED3AF272C7D6ECC0006DA27 /* ViewController */,
				CED3AF0A2C7D6C0B0006DA27 /* AppDelegate.swift */,
				CED3AF0C2C7D6C0B0006DA27 /* SceneDelegate.swift */,
				CED3AF102C7D6C0B0006DA27 /* Main.storyboard */,
				CED3AF132C7D6C0B0006DA27 /* Assets.xcassets */,
				CED3AF152C7D6C0B0006DA27 /* LaunchScreen.storyboard */,
				CED3AF182C7D6C0B0006DA27 /* Info.plist */,
			);
			path = Eatstargram;
			sourceTree = "<group>";
		};
		CED3AF272C7D6ECC0006DA27 /* ViewController */ = {
			isa = PBXGroup;
			children = (
				CEBAB9832C7E1AB40009FA3A /* ChoiceController */,
				CED3AF0E2C7D6C0B0006DA27 /* MainController.swift */,
				CED3AF212C7D6EA90006DA27 /* AddViewController.swift */,
				FB83B77C2C7DBF02004070B1 /* ReviewCell.swift */,
				CE2084372C7F13830068AA5D /* Info.swift */,
				CE2084392C7F13BB0068AA5D /* Infos.swift */,
				CE274BDD2C7F1DBC00AC8FDE /* NotificationViewController.swift */,
				FB83B7722C7D718E004070B1 /* RestaurantDetailViewController.swift */,
				FB83B7762C7D9CAC004070B1 /* RestaurantDetailViewController+UI.swift */,
				FB83B7842C7E01C9004070B1 /* MenuCell.swift */,
				FB83B77E2C7DCB05004070B1 /* MenuViewController.swift */,
				FB83B7862C7E14A9004070B1 /* PlaceViewController.swift */,
				EBC970072C7DB256005AC526 /* MapModalViewController.swift */,
				CED3AF232C7D6EBB0006DA27 /* UserViewController.swift */,
				CED3AF252C7D6EC60006DA27 /* SettingViewController.swift */,
				2C861B522C7D8782002DC0ED /* ProfileViewController.swift */,
				2C861B582C7DC9CF002DC0ED /* FavoriteViewController.swift */,
				2C861B542C7DAF3D002DC0ED /* CategoryViewController.swift */,
			);
			name = ViewController;
			sourceTree = "<group>";
		};
		CED3AF282C7D70650006DA27 /* Models */ = {
			isa = PBXGroup;
			children = (
				FB83B7782C7DB856004070B1 /* Review.swift */,
				FB83B7802C7E003F004070B1 /* Menu.swift */,
				CEBAB9782C7E06A50009FA3A /* itemData.swift */,
				2C861B5C2C7E1F5C002DC0ED /* FavoriteModel.swift */,
				2C861B5E2C7E1F7B002DC0ED /* ProfileModel.swift */,
			);
			name = Models;
			sourceTree = "<group>";
		};
		CED3AF292C7D70780006DA27 /* Data */ = {
			isa = PBXGroup;
			children = (
				FB83B77A2C7DBC63004070B1 /* Reviews.swift */,
				FB83B7822C7E00BF004070B1 /* Menus.swift */,
			);
			name = Data;
			sourceTree = "<group>";
		};
/* End PBXGroup section */

/* Begin PBXNativeTarget section */
		CED3AF062C7D6C0A0006DA27 /* Eatstargram */ = {
			isa = PBXNativeTarget;
			buildConfigurationList = CED3AF1B2C7D6C0B0006DA27 /* Build configuration list for PBXNativeTarget "Eatstargram" */;
			buildPhases = (
				CED3AF032C7D6C0A0006DA27 /* Sources */,
				CED3AF042C7D6C0A0006DA27 /* Frameworks */,
				CED3AF052C7D6C0A0006DA27 /* Resources */,
			);
			buildRules = (
			);
			dependencies = (
			);
			name = Eatstargram;
			productName = Eatstargram;
			productReference = CED3AF072C7D6C0B0006DA27 /* Eatstargram.app */;
			productType = "com.apple.product-type.application";
		};
/* End PBXNativeTarget section */

/* Begin PBXProject section */
		CED3AEFF2C7D6C0A0006DA27 /* Project object */ = {
			isa = PBXProject;
			attributes = {
				BuildIndependentTargetsInParallel = 1;
				LastSwiftUpdateCheck = 1540;
				LastUpgradeCheck = 1540;
				TargetAttributes = {
					CED3AF062C7D6C0A0006DA27 = {
						CreatedOnToolsVersion = 15.4;
					};
				};
			};
			buildConfigurationList = CED3AF022C7D6C0A0006DA27 /* Build configuration list for PBXProject "Eatstargram" */;
			compatibilityVersion = "Xcode 14.0";
			developmentRegion = en;
			hasScannedForEncodings = 0;
			knownRegions = (
				en,
				Base,
			);
			mainGroup = CED3AEFE2C7D6C0A0006DA27;
			productRefGroup = CED3AF082C7D6C0B0006DA27 /* Products */;
			projectDirPath = "";
			projectRoot = "";
			targets = (
				CED3AF062C7D6C0A0006DA27 /* Eatstargram */,
			);
		};
/* End PBXProject section */

/* Begin PBXResourcesBuildPhase section */
		CED3AF052C7D6C0A0006DA27 /* Resources */ = {
			isa = PBXResourcesBuildPhase;
			buildActionMask = 2147483647;
			files = (
				CED3AF142C7D6C0B0006DA27 /* Assets.xcassets in Resources */,
				CED3AF172C7D6C0B0006DA27 /* Base in Resources */,
				CED3AF122C7D6C0B0006DA27 /* Base in Resources */,
			);
			runOnlyForDeploymentPostprocessing = 0;
		};
/* End PBXResourcesBuildPhase section */

/* Begin PBXSourcesBuildPhase section */
		CED3AF032C7D6C0A0006DA27 /* Sources */ = {
			isa = PBXSourcesBuildPhase;
			buildActionMask = 2147483647;
			files = (
				CEBAB97C2C7E0EA20009FA3A /* ImageFetch.swift in Sources */,
				CED3AF0F2C7D6C0B0006DA27 /* MainController.swift in Sources */,
				CE274BDE2C7F1DBC00AC8FDE /* NotificationViewController.swift in Sources */,
				FB83B77B2C7DBC63004070B1 /* Reviews.swift in Sources */,
				CE2084382C7F13830068AA5D /* Info.swift in Sources */,
				CEBAB9792C7E06A50009FA3A /* itemData.swift in Sources */,
				CED3AF242C7D6EBB0006DA27 /* UserViewController.swift in Sources */,
				FB83B77F2C7DCB05004070B1 /* MenuViewController.swift in Sources */,
				FB83B7792C7DB856004070B1 /* Review.swift in Sources */,
				2C861B5D2C7E1F5C002DC0ED /* FavoriteModel.swift in Sources */,
				CED3AF242C7D6EBB0006DA27 /* UserViewController.swift in Sources */,
				2C861B5F2C7E1F7B002DC0ED /* ProfileModel.swift in Sources */,
				CED3AF0B2C7D6C0B0006DA27 /* AppDelegate.swift in Sources */,
				CEBAB97E2C7E0F590009FA3A /* ChoiceStarViewController.swift in Sources */,
				CEBAB9802C7E136A0009FA3A /* ChoiceAreaViewController.swift in Sources */,
				CED3AF222C7D6EA90006DA27 /* AddViewController.swift in Sources */,
				2C861B592C7DC9CF002DC0ED /* FavoriteViewController.swift in Sources */,
				2C861B552C7DAF3D002DC0ED /* CategoryViewController.swift in Sources */,
				2C861B532C7D8782002DC0ED /* ProfileViewController.swift in Sources */,
				CED3AF0D2C7D6C0B0006DA27 /* SceneDelegate.swift in Sources */,
				FB83B7872C7E14A9004070B1 /* PlaceViewController.swift in Sources */,
				FB83B7732C7D718E004070B1 /* RestaurantDetailViewController.swift in Sources */,
				FB83B7812C7E003F004070B1 /* Menu.swift in Sources */,
				FB83B7832C7E00BF004070B1 /* Menus.swift in Sources */,
				FB83B7852C7E01C9004070B1 /* MenuCell.swift in Sources */,
				FB83B7772C7D9CAC004070B1 /* RestaurantDetailViewController+UI.swift in Sources */,
				CED3AF262C7D6EC60006DA27 /* SettingViewController.swift in Sources */,
				FB83B77D2C7DBF02004070B1 /* ReviewCell.swift in Sources */,
				CEBAB9822C7E186F0009FA3A /* ChoiceFoodViewController.swift in Sources */,
				CE20843A2C7F13BB0068AA5D /* Infos.swift in Sources */,
				CED3AF262C7D6EC60006DA27 /* SettingViewController.swift in Sources */,
				EBC970082C7DB256005AC526 /* MapModalViewController.swift in Sources */,
			);
			runOnlyForDeploymentPostprocessing = 0;
		};
/* End PBXSourcesBuildPhase section */

/* Begin PBXVariantGroup section */
		CED3AF102C7D6C0B0006DA27 /* Main.storyboard */ = {
			isa = PBXVariantGroup;
			children = (
				CED3AF112C7D6C0B0006DA27 /* Base */,
			);
			name = Main.storyboard;
			sourceTree = "<group>";
		};
		CED3AF152C7D6C0B0006DA27 /* LaunchScreen.storyboard */ = {
			isa = PBXVariantGroup;
			children = (
				CED3AF162C7D6C0B0006DA27 /* Base */,
			);
			name = LaunchScreen.storyboard;
			sourceTree = "<group>";
		};
/* End PBXVariantGroup section */

/* Begin XCBuildConfiguration section */
		CED3AF192C7D6C0B0006DA27 /* Debug */ = {
			isa = XCBuildConfiguration;
			buildSettings = {
				ALWAYS_SEARCH_USER_PATHS = NO;
				ASSETCATALOG_COMPILER_GENERATE_SWIFT_ASSET_SYMBOL_EXTENSIONS = YES;
				CLANG_ANALYZER_NONNULL = YES;
				CLANG_ANALYZER_NUMBER_OBJECT_CONVERSION = YES_AGGRESSIVE;
				CLANG_CXX_LANGUAGE_STANDARD = "gnu++20";
				CLANG_ENABLE_MODULES = YES;
				CLANG_ENABLE_OBJC_ARC = YES;
				CLANG_ENABLE_OBJC_WEAK = YES;
				CLANG_WARN_BLOCK_CAPTURE_AUTORELEASING = YES;
				CLANG_WARN_BOOL_CONVERSION = YES;
				CLANG_WARN_COMMA = YES;
				CLANG_WARN_CONSTANT_CONVERSION = YES;
				CLANG_WARN_DEPRECATED_OBJC_IMPLEMENTATIONS = YES;
				CLANG_WARN_DIRECT_OBJC_ISA_USAGE = YES_ERROR;
				CLANG_WARN_DOCUMENTATION_COMMENTS = YES;
				CLANG_WARN_EMPTY_BODY = YES;
				CLANG_WARN_ENUM_CONVERSION = YES;
				CLANG_WARN_INFINITE_RECURSION = YES;
				CLANG_WARN_INT_CONVERSION = YES;
				CLANG_WARN_NON_LITERAL_NULL_CONVERSION = YES;
				CLANG_WARN_OBJC_IMPLICIT_RETAIN_SELF = YES;
				CLANG_WARN_OBJC_LITERAL_CONVERSION = YES;
				CLANG_WARN_OBJC_ROOT_CLASS = YES_ERROR;
				CLANG_WARN_QUOTED_INCLUDE_IN_FRAMEWORK_HEADER = YES;
				CLANG_WARN_RANGE_LOOP_ANALYSIS = YES;
				CLANG_WARN_STRICT_PROTOTYPES = YES;
				CLANG_WARN_SUSPICIOUS_MOVE = YES;
				CLANG_WARN_UNGUARDED_AVAILABILITY = YES_AGGRESSIVE;
				CLANG_WARN_UNREACHABLE_CODE = YES;
				CLANG_WARN__DUPLICATE_METHOD_MATCH = YES;
				COPY_PHASE_STRIP = NO;
				DEBUG_INFORMATION_FORMAT = dwarf;
				ENABLE_STRICT_OBJC_MSGSEND = YES;
				ENABLE_TESTABILITY = YES;
				ENABLE_USER_SCRIPT_SANDBOXING = YES;
				GCC_C_LANGUAGE_STANDARD = gnu17;
				GCC_DYNAMIC_NO_PIC = NO;
				GCC_NO_COMMON_BLOCKS = YES;
				GCC_OPTIMIZATION_LEVEL = 0;
				GCC_PREPROCESSOR_DEFINITIONS = (
					"DEBUG=1",
					"$(inherited)",
				);
				GCC_WARN_64_TO_32_BIT_CONVERSION = YES;
				GCC_WARN_ABOUT_RETURN_TYPE = YES_ERROR;
				GCC_WARN_UNDECLARED_SELECTOR = YES;
				GCC_WARN_UNINITIALIZED_AUTOS = YES_AGGRESSIVE;
				GCC_WARN_UNUSED_FUNCTION = YES;
				GCC_WARN_UNUSED_VARIABLE = YES;
				IPHONEOS_DEPLOYMENT_TARGET = 17.5;
				LOCALIZATION_PREFERS_STRING_CATALOGS = YES;
				MTL_ENABLE_DEBUG_INFO = INCLUDE_SOURCE;
				MTL_FAST_MATH = YES;
				ONLY_ACTIVE_ARCH = YES;
				SDKROOT = iphoneos;
				SWIFT_ACTIVE_COMPILATION_CONDITIONS = "DEBUG $(inherited)";
				SWIFT_OPTIMIZATION_LEVEL = "-Onone";
			};
			name = Debug;
		};
		CED3AF1A2C7D6C0B0006DA27 /* Release */ = {
			isa = XCBuildConfiguration;
			buildSettings = {
				ALWAYS_SEARCH_USER_PATHS = NO;
				ASSETCATALOG_COMPILER_GENERATE_SWIFT_ASSET_SYMBOL_EXTENSIONS = YES;
				CLANG_ANALYZER_NONNULL = YES;
				CLANG_ANALYZER_NUMBER_OBJECT_CONVERSION = YES_AGGRESSIVE;
				CLANG_CXX_LANGUAGE_STANDARD = "gnu++20";
				CLANG_ENABLE_MODULES = YES;
				CLANG_ENABLE_OBJC_ARC = YES;
				CLANG_ENABLE_OBJC_WEAK = YES;
				CLANG_WARN_BLOCK_CAPTURE_AUTORELEASING = YES;
				CLANG_WARN_BOOL_CONVERSION = YES;
				CLANG_WARN_COMMA = YES;
				CLANG_WARN_CONSTANT_CONVERSION = YES;
				CLANG_WARN_DEPRECATED_OBJC_IMPLEMENTATIONS = YES;
				CLANG_WARN_DIRECT_OBJC_ISA_USAGE = YES_ERROR;
				CLANG_WARN_DOCUMENTATION_COMMENTS = YES;
				CLANG_WARN_EMPTY_BODY = YES;
				CLANG_WARN_ENUM_CONVERSION = YES;
				CLANG_WARN_INFINITE_RECURSION = YES;
				CLANG_WARN_INT_CONVERSION = YES;
				CLANG_WARN_NON_LITERAL_NULL_CONVERSION = YES;
				CLANG_WARN_OBJC_IMPLICIT_RETAIN_SELF = YES;
				CLANG_WARN_OBJC_LITERAL_CONVERSION = YES;
				CLANG_WARN_OBJC_ROOT_CLASS = YES_ERROR;
				CLANG_WARN_QUOTED_INCLUDE_IN_FRAMEWORK_HEADER = YES;
				CLANG_WARN_RANGE_LOOP_ANALYSIS = YES;
				CLANG_WARN_STRICT_PROTOTYPES = YES;
				CLANG_WARN_SUSPICIOUS_MOVE = YES;
				CLANG_WARN_UNGUARDED_AVAILABILITY = YES_AGGRESSIVE;
				CLANG_WARN_UNREACHABLE_CODE = YES;
				CLANG_WARN__DUPLICATE_METHOD_MATCH = YES;
				COPY_PHASE_STRIP = NO;
				DEBUG_INFORMATION_FORMAT = "dwarf-with-dsym";
				ENABLE_NS_ASSERTIONS = NO;
				ENABLE_STRICT_OBJC_MSGSEND = YES;
				ENABLE_USER_SCRIPT_SANDBOXING = YES;
				GCC_C_LANGUAGE_STANDARD = gnu17;
				GCC_NO_COMMON_BLOCKS = YES;
				GCC_WARN_64_TO_32_BIT_CONVERSION = YES;
				GCC_WARN_ABOUT_RETURN_TYPE = YES_ERROR;
				GCC_WARN_UNDECLARED_SELECTOR = YES;
				GCC_WARN_UNINITIALIZED_AUTOS = YES_AGGRESSIVE;
				GCC_WARN_UNUSED_FUNCTION = YES;
				GCC_WARN_UNUSED_VARIABLE = YES;
				IPHONEOS_DEPLOYMENT_TARGET = 17.5;
				LOCALIZATION_PREFERS_STRING_CATALOGS = YES;
				MTL_ENABLE_DEBUG_INFO = NO;
				MTL_FAST_MATH = YES;
				SDKROOT = iphoneos;
				SWIFT_COMPILATION_MODE = wholemodule;
				VALIDATE_PRODUCT = YES;
			};
			name = Release;
		};
		CED3AF1C2C7D6C0B0006DA27 /* Debug */ = {
			isa = XCBuildConfiguration;
			buildSettings = {
				ASSETCATALOG_COMPILER_APPICON_NAME = AppIcon;
				ASSETCATALOG_COMPILER_GLOBAL_ACCENT_COLOR_NAME = AccentColor;
				CODE_SIGN_STYLE = Automatic;
				CURRENT_PROJECT_VERSION = 1;
				DEVELOPMENT_TEAM = U4BQZ3AXAA;
				GENERATE_INFOPLIST_FILE = YES;
				INFOPLIST_FILE = Eatstargram/Info.plist;
				INFOPLIST_KEY_UIApplicationSupportsIndirectInputEvents = YES;
				INFOPLIST_KEY_UILaunchStoryboardName = LaunchScreen;
				INFOPLIST_KEY_UIMainStoryboardFile = Main;
				INFOPLIST_KEY_UISupportedInterfaceOrientations_iPad = "UIInterfaceOrientationPortrait UIInterfaceOrientationPortraitUpsideDown UIInterfaceOrientationLandscapeLeft UIInterfaceOrientationLandscapeRight";
				INFOPLIST_KEY_UISupportedInterfaceOrientations_iPhone = "UIInterfaceOrientationPortrait UIInterfaceOrientationLandscapeLeft UIInterfaceOrientationLandscapeRight";
				IPHONEOS_DEPLOYMENT_TARGET = 17.2;
				LD_RUNPATH_SEARCH_PATHS = (
					"$(inherited)",
					"@executable_path/Frameworks",
				);
				MARKETING_VERSION = 1.0;
				PRODUCT_BUNDLE_IDENTIFIER = "prototype-team4.Eatstargram";
				PRODUCT_NAME = "$(TARGET_NAME)";
				SUPPORTED_PLATFORMS = "iphoneos iphonesimulator";
				SUPPORTS_MACCATALYST = NO;
				SUPPORTS_MAC_DESIGNED_FOR_IPHONE_IPAD = NO;
				SUPPORTS_XR_DESIGNED_FOR_IPHONE_IPAD = NO;
				SWIFT_EMIT_LOC_STRINGS = YES;
				SWIFT_VERSION = 5.0;
				TARGETED_DEVICE_FAMILY = 1;
			};
			name = Debug;
		};
		CED3AF1D2C7D6C0B0006DA27 /* Release */ = {
			isa = XCBuildConfiguration;
			buildSettings = {
				ASSETCATALOG_COMPILER_APPICON_NAME = AppIcon;
				ASSETCATALOG_COMPILER_GLOBAL_ACCENT_COLOR_NAME = AccentColor;
				CODE_SIGN_STYLE = Automatic;
				CURRENT_PROJECT_VERSION = 1;
				DEVELOPMENT_TEAM = U4BQZ3AXAA;
				GENERATE_INFOPLIST_FILE = YES;
				INFOPLIST_FILE = Eatstargram/Info.plist;
				INFOPLIST_KEY_UIApplicationSupportsIndirectInputEvents = YES;
				INFOPLIST_KEY_UILaunchStoryboardName = LaunchScreen;
				INFOPLIST_KEY_UIMainStoryboardFile = Main;
				INFOPLIST_KEY_UISupportedInterfaceOrientations_iPad = "UIInterfaceOrientationPortrait UIInterfaceOrientationPortraitUpsideDown UIInterfaceOrientationLandscapeLeft UIInterfaceOrientationLandscapeRight";
				INFOPLIST_KEY_UISupportedInterfaceOrientations_iPhone = "UIInterfaceOrientationPortrait UIInterfaceOrientationLandscapeLeft UIInterfaceOrientationLandscapeRight";
				IPHONEOS_DEPLOYMENT_TARGET = 17.2;
				LD_RUNPATH_SEARCH_PATHS = (
					"$(inherited)",
					"@executable_path/Frameworks",
				);
				MARKETING_VERSION = 1.0;
				PRODUCT_BUNDLE_IDENTIFIER = "prototype-team4.Eatstargram";
				PRODUCT_NAME = "$(TARGET_NAME)";
				SUPPORTED_PLATFORMS = "iphoneos iphonesimulator";
				SUPPORTS_MACCATALYST = NO;
				SUPPORTS_MAC_DESIGNED_FOR_IPHONE_IPAD = NO;
				SUPPORTS_XR_DESIGNED_FOR_IPHONE_IPAD = NO;
				SWIFT_EMIT_LOC_STRINGS = YES;
				SWIFT_VERSION = 5.0;
				TARGETED_DEVICE_FAMILY = 1;
			};
			name = Release;
		};
/* End XCBuildConfiguration section */

/* Begin XCConfigurationList section */
		CED3AF022C7D6C0A0006DA27 /* Build configuration list for PBXProject "Eatstargram" */ = {
			isa = XCConfigurationList;
			buildConfigurations = (
				CED3AF192C7D6C0B0006DA27 /* Debug */,
				CED3AF1A2C7D6C0B0006DA27 /* Release */,
			);
			defaultConfigurationIsVisible = 0;
			defaultConfigurationName = Release;
		};
		CED3AF1B2C7D6C0B0006DA27 /* Build configuration list for PBXNativeTarget "Eatstargram" */ = {
			isa = XCConfigurationList;
			buildConfigurations = (
				CED3AF1C2C7D6C0B0006DA27 /* Debug */,
				CED3AF1D2C7D6C0B0006DA27 /* Release */,
			);
			defaultConfigurationIsVisible = 0;
			defaultConfigurationName = Release;
		};
/* End XCConfigurationList section */
	};
	rootObject = CED3AEFF2C7D6C0A0006DA27 /* Project object */;
}
